{
  "requires": true,
  "lockfileVersion": 1,
  "dependencies": {
    "async": {
      "version": "0.2.10",
      "resolved": "https://registry.npmjs.org/async/-/async-0.2.10.tgz",
      "integrity": "sha1-trvgsGdLnXGXCMo43owjfLUmw9E="
    },
    "binary-search-tree": {
      "version": "0.2.4",
      "resolved": "https://registry.npmjs.org/binary-search-tree/-/binary-search-tree-0.2.4.tgz",
      "integrity": "sha1-FP4QY2alnKjvtowK4ww2qv8M1RA=",
      "requires": {
        "underscore": "1.4.4"
      }
    },
    "methods": {
      "version": "1.1.2",
      "resolved": "https://registry.npmjs.org/methods/-/methods-1.1.2.tgz",
      "integrity": "sha1-VSmk1nZUE07cxSZmVoNbD4Ua/O4="
    },
    "mkdirp": {
      "version": "0.3.5",
      "resolved": "https://registry.npmjs.org/mkdirp/-/mkdirp-0.3.5.tgz",
      "integrity": "sha1-3j5fiWHIjHh+4TaN+EmsRBPsqNc="
    },
    "nedb": {
      "version": "1.1.2",
      "resolved": "https://registry.npmjs.org/nedb/-/nedb-1.1.2.tgz",
      "integrity": "sha1-+T+sqpK2Wj7uT3YAF6hFv9itHX8=",
      "requires": {
        "async": "0.2.10",
        "binary-search-tree": "0.2.4",
        "mkdirp": "0.3.5",
        "underscore": "1.4.4"
      }
    },
    "odata-parser": {
      "version": "1.4.1",
      "resolved": "https://registry.npmjs.org/odata-parser/-/odata-parser-1.4.1.tgz",
      "integrity": "sha1-oiJLx0nnamIFvUf0es1Q6x5x7Zk="
    },
    "path-to-regexp": {
      "version": "2.1.0",
      "resolved": "https://registry.npmjs.org/path-to-regexp/-/path-to-regexp-2.1.0.tgz",
      "integrity": "sha512-dZY7QPCPp5r9cnNuQ955mOv4ZFVDXY/yvqeV7Y1W2PJA3PEFcuow9xKFfJxbBj1pIjOAP+M2B4/7xubmykLrXw=="
    },
    "safe-buffer": {
      "version": "5.1.1",
      "resolved": "https://registry.npmjs.org/safe-buffer/-/safe-buffer-5.1.1.tgz",
      "integrity": "sha512-kKvNJn6Mm93gAczWVJg7wH+wGYWNrDHdWvpUmHyEsgCtIwwo3bqPtV4tR5tuPaUhTOo/kvhVwd8XwwOllGYkbg=="
    },
    "simple-odata-server": {
      "version": "github:pofider/node-simple-odata-server#80cc15c91907fcb488a70488d4a7d2d9217c8c18",
      "requires": {
        "methods": "1.1.2",
        "odata-parser": "1.4.1",
        "path-to-regexp": "2.1.0",
        "safe-buffer": "5.1.1",
        "xmlbuilder": "9.0.4"
      }
    },
    "simple-odata-server-nedb": {
      "version": "github:pofider/node-simple-odata-server-nedb#4eb9af9f86219f5784cc3f1c6ffaf569ba9c0f98",
      "requires": {
        "nedb": "1.1.2"
      }
    },
    "underscore": {
      "version": "1.4.4",
      "resolved": "https://registry.npmjs.org/underscore/-/underscore-1.4.4.tgz",
      "integrity": "sha1-YaajIBBiKvoHljvzJSA88SI51gQ="
    },
    "xmlbuilder": {
      "version": "9.0.4",
      "resolved": "https://registry.npmjs.org/xmlbuilder/-/xmlbuilder-9.0.4.tgz",
      "integrity": "sha1-UZy0ymhtAFqEINNJbz8MruzKWA8="
    }
  }
}
